
Microsoft Visual Studio Solution File, Format Version 12.00
# Visual Studio Version 16
VisualStudioVersion = 16.0.31025.194
MinimumVisualStudioVersion = 10.0.40219.1
Project("{9A19103F-16F7-4668-BE54-9A1E7A4F7556}") = "WebAPI", "WebAPI\WebAPI.csproj", "{A34E21F8-B9E4-4F2C-8973-461E3BB728E0}"
EndProject
Project("{9A19103F-16F7-4668-BE54-9A1E7A4F7556}") = "DataAccess", "DataAccess\DataAccess.csproj", "{6933421A-783C-4D49-BEC4-CEB196980B3D}"
EndProject
Project("{9A19103F-16F7-4668-BE54-9A1E7A4F7556}") = "Entities", "Entities\Entities.csproj", "{03233FFD-7C53-4D97-AB4C-C661353B1005}"
EndProject
Project("{9A19103F-16F7-4668-BE54-9A1E7A4F7556}") = "Core", "Core\Core.csproj", "{6F916DE6-10BB-413D-8FE1-3D47891401C7}"
EndProject
Project("{9A19103F-16F7-4668-BE54-9A1E7A4F7556}") = "Business", "Business\Business.csproj", "{E3F71CDD-D1E5-430B-ACF8-C9827EE21A8B}"
EndProject
Global
	GlobalSection(SolutionConfigurationPlatforms) = preSolution
		Debug|Any CPU = Debug|Any CPU
		Release|Any CPU = Release|Any CPU
	EndGlobalSection
	GlobalSection(ProjectConfigurationPlatforms) = postSolution
		{A34E21F8-B9E4-4F2C-8973-461E3BB728E0}.Debug|Any CPU.ActiveCfg = Debug|Any CPU
		{A34E21F8-B9E4-4F2C-8973-461E3BB728E0}.Debug|Any CPU.Build.0 = Debug|Any CPU
		{A34E21F8-B9E4-4F2C-8973-461E3BB728E0}.Release|Any CPU.ActiveCfg = Release|Any CPU
		{A34E21F8-B9E4-4F2C-8973-461E3BB728E0}.Release|Any CPU.Build.0 = Release|Any CPU
		{6933421A-783C-4D49-BEC4-CEB196980B3D}.Debug|Any CPU.ActiveCfg = Debug|Any CPU
		{6933421A-783C-4D49-BEC4-CEB196980B3D}.Debug|Any CPU.Build.0 = Debug|Any CPU
		{6933421A-783C-4D49-BEC4-CEB196980B3D}.Release|Any CPU.ActiveCfg = Release|Any CPU
		{6933421A-783C-4D49-BEC4-CEB196980B3D}.Release|Any CPU.Build.0 = Release|Any CPU
		{03233FFD-7C53-4D97-AB4C-C661353B1005}.Debug|Any CPU.ActiveCfg = Debug|Any CPU
		{03233FFD-7C53-4D97-AB4C-C661353B1005}.Debug|Any CPU.Build.0 = Debug|Any CPU
		{03233FFD-7C53-4D97-AB4C-C661353B1005}.Release|Any CPU.ActiveCfg = Release|Any CPU
		{03233FFD-7C53-4D97-AB4C-C661353B1005}.Release|Any CPU.Build.0 = Release|Any CPU
		{6F916DE6-10BB-413D-8FE1-3D47891401C7}.Debug|Any CPU.ActiveCfg = Debug|Any CPU
		{6F916DE6-10BB-413D-8FE1-3D47891401C7}.Debug|Any CPU.Build.0 = Debug|Any CPU
		{6F916DE6-10BB-413D-8FE1-3D47891401C7}.Release|Any CPU.ActiveCfg = Release|Any CPU
		{6F916DE6-10BB-413D-8FE1-3D47891401C7}.Release|Any CPU.Build.0 = Release|Any CPU
		{E3F71CDD-D1E5-430B-ACF8-C9827EE21A8B}.Debug|Any CPU.ActiveCfg = Debug|Any CPU
		{E3F71CDD-D1E5-430B-ACF8-C9827EE21A8B}.Debug|Any CPU.Build.0 = Debug|Any CPU
		{E3F71CDD-D1E5-430B-ACF8-C9827EE21A8B}.Release|Any CPU.ActiveCfg = Release|Any CPU
		{E3F71CDD-D1E5-430B-ACF8-C9827EE21A8B}.Release|Any CPU.Build.0 = Release|Any CPU
	EndGlobalSection
	GlobalSection(SolutionProperties) = preSolution
		HideSolutionNode = FALSE
	EndGlobalSection
	GlobalSection(ExtensibilityGlobals) = postSolution
		SolutionGuid = {8ED032F9-EBCC-47A8-80E9-036AF0831872}
	EndGlobalSection
EndGlobal
